
Microsoft Visual Studio Solution File, Format Version 12.00
# Visual Studio Version 17
VisualStudioVersion = 17.1.32421.90
MinimumVisualStudioVersion = 10.0.40219.1
Project("{2150E333-8FDC-42A3-9474-1A3956D46DE8}") = "src", "src", "{D63D1164-6B88-47C6-A1E8-1953DDF8A156}"
EndProject
Project("{9A19103F-16F7-4668-BE54-9A1E7A4F7556}") = "CellularLifes.Core", "src\CellularLifes.Core\CellularLifes.Core.csproj", "{2D0BB669-0324-4253-9521-E59B661104D8}"
EndProject
Project("{9A19103F-16F7-4668-BE54-9A1E7A4F7556}") = "CellularLife.CLI", "src\CellularLife.CLI\CellularLife.CLI.csproj", "{79E57D83-E030-424C-A745-45A34B32C298}"
EndProject
Project("{9A19103F-16F7-4668-BE54-9A1E7A4F7556}") = "CellularLifes.Infrastructure", "src\CellularLifes.Infrastructure\CellularLifes.Infrastructure.csproj", "{2C65ABE5-6C71-4428-B1D7-5952D65F4215}"
EndProject
Project("{9A19103F-16F7-4668-BE54-9A1E7A4F7556}") = "CellularLifes.GUI", "src\CellularLifes.GUI\CellularLifes.GUI.csproj", "{4B901FF7-AE3F-4619-B809-3CD1C73642A1}"
EndProject
Global
	GlobalSection(SolutionConfigurationPlatforms) = preSolution
		Debug|Any CPU = Debug|Any CPU
		Release|Any CPU = Release|Any CPU
	EndGlobalSection
	GlobalSection(ProjectConfigurationPlatforms) = postSolution
		{2D0BB669-0324-4253-9521-E59B661104D8}.Debug|Any CPU.ActiveCfg = Debug|Any CPU
		{2D0BB669-0324-4253-9521-E59B661104D8}.Debug|Any CPU.Build.0 = Debug|Any CPU
		{2D0BB669-0324-4253-9521-E59B661104D8}.Release|Any CPU.ActiveCfg = Release|Any CPU
		{2D0BB669-0324-4253-9521-E59B661104D8}.Release|Any CPU.Build.0 = Release|Any CPU
		{79E57D83-E030-424C-A745-45A34B32C298}.Debug|Any CPU.ActiveCfg = Debug|Any CPU
		{79E57D83-E030-424C-A745-45A34B32C298}.Debug|Any CPU.Build.0 = Debug|Any CPU
		{79E57D83-E030-424C-A745-45A34B32C298}.Release|Any CPU.ActiveCfg = Release|Any CPU
		{79E57D83-E030-424C-A745-45A34B32C298}.Release|Any CPU.Build.0 = Release|Any CPU
		{2C65ABE5-6C71-4428-B1D7-5952D65F4215}.Debug|Any CPU.ActiveCfg = Debug|Any CPU
		{2C65ABE5-6C71-4428-B1D7-5952D65F4215}.Debug|Any CPU.Build.0 = Debug|Any CPU
		{2C65ABE5-6C71-4428-B1D7-5952D65F4215}.Release|Any CPU.ActiveCfg = Release|Any CPU
		{2C65ABE5-6C71-4428-B1D7-5952D65F4215}.Release|Any CPU.Build.0 = Release|Any CPU
		{4B901FF7-AE3F-4619-B809-3CD1C73642A1}.Debug|Any CPU.ActiveCfg = Debug|Any CPU
		{4B901FF7-AE3F-4619-B809-3CD1C73642A1}.Debug|Any CPU.Build.0 = Debug|Any CPU
		{4B901FF7-AE3F-4619-B809-3CD1C73642A1}.Release|Any CPU.ActiveCfg = Release|Any CPU
		{4B901FF7-AE3F-4619-B809-3CD1C73642A1}.Release|Any CPU.Build.0 = Release|Any CPU
	EndGlobalSection
	GlobalSection(SolutionProperties) = preSolution
		HideSolutionNode = FALSE
	EndGlobalSection
	GlobalSection(NestedProjects) = preSolution
		{2D0BB669-0324-4253-9521-E59B661104D8} = {D63D1164-6B88-47C6-A1E8-1953DDF8A156}
		{79E57D83-E030-424C-A745-45A34B32C298} = {D63D1164-6B88-47C6-A1E8-1953DDF8A156}
		{2C65ABE5-6C71-4428-B1D7-5952D65F4215} = {D63D1164-6B88-47C6-A1E8-1953DDF8A156}
		{4B901FF7-AE3F-4619-B809-3CD1C73642A1} = {D63D1164-6B88-47C6-A1E8-1953DDF8A156}
	EndGlobalSection
	GlobalSection(ExtensibilityGlobals) = postSolution
		SolutionGuid = {730434BD-5433-47F2-A902-3DA5100D6A49}
	EndGlobalSection
EndGlobal
